
Microsoft Visual Studio Solution File, Format Version 12.00
# Visual Studio Version 17
VisualStudioVersion = 17.5.2.0
MinimumVisualStudioVersion = 10.0.40219.1
Project("{FAE04EC0-301F-11D3-BF4B-00C04F79EFBC}") = "NetworkPresetSwitcher", "NetworkPresetSwitcher\NetworkPresetSwitcher.csproj", "{BEAFD826-6905-5CDB-5BC1-FCE0C7295179}"
EndProject
Project("{FAE04EC0-301F-11D3-BF4B-00C04F79EFBC}") = "NetworkPresetSwitcher.Tests", "NetworkPresetSwitcher.Tests\NetworkPresetSwitcher.Tests.csproj", "{B5E5BDDD-C171-45FE-8EA9-E0559493D699}"
EndProject
Global
	GlobalSection(SolutionConfigurationPlatforms) = preSolution
		Debug|Any CPU = Debug|Any CPU
		Debug|x64 = Debug|x64
		Debug|x86 = Debug|x86
		Release|Any CPU = Release|Any CPU
		Release|x64 = Release|x64
		Release|x86 = Release|x86
	EndGlobalSection
	GlobalSection(ProjectConfigurationPlatforms) = postSolution
		{BEAFD826-6905-5CDB-5BC1-FCE0C7295179}.Debug|Any CPU.ActiveCfg = Debug|Any CPU
		{BEAFD826-6905-5CDB-5BC1-FCE0C7295179}.Debug|Any CPU.Build.0 = Debug|Any CPU
		{BEAFD826-6905-5CDB-5BC1-FCE0C7295179}.Debug|x64.ActiveCfg = Debug|Any CPU
		{BEAFD826-6905-5CDB-5BC1-FCE0C7295179}.Debug|x64.Build.0 = Debug|Any CPU
		{BEAFD826-6905-5CDB-5BC1-FCE0C7295179}.Debug|x86.ActiveCfg = Debug|Any CPU
		{BEAFD826-6905-5CDB-5BC1-FCE0C7295179}.Debug|x86.Build.0 = Debug|Any CPU
		{BEAFD826-6905-5CDB-5BC1-FCE0C7295179}.Release|Any CPU.ActiveCfg = Release|Any CPU
		{BEAFD826-6905-5CDB-5BC1-FCE0C7295179}.Release|Any CPU.Build.0 = Release|Any CPU
		{BEAFD826-6905-5CDB-5BC1-FCE0C7295179}.Release|x64.ActiveCfg = Release|Any CPU
		{BEAFD826-6905-5CDB-5BC1-FCE0C7295179}.Release|x64.Build.0 = Release|Any CPU
		{BEAFD826-6905-5CDB-5BC1-FCE0C7295179}.Release|x86.ActiveCfg = Release|Any CPU
		{BEAFD826-6905-5CDB-5BC1-FCE0C7295179}.Release|x86.Build.0 = Release|Any CPU
		{B5E5BDDD-C171-45FE-8EA9-E0559493D699}.Debug|Any CPU.ActiveCfg = Debug|Any CPU
		{B5E5BDDD-C171-45FE-8EA9-E0559493D699}.Debug|Any CPU.Build.0 = Debug|Any CPU
		{B5E5BDDD-C171-45FE-8EA9-E0559493D699}.Debug|x64.ActiveCfg = Debug|Any CPU
		{B5E5BDDD-C171-45FE-8EA9-E0559493D699}.Debug|x64.Build.0 = Debug|Any CPU
		{B5E5BDDD-C171-45FE-8EA9-E0559493D699}.Debug|x86.ActiveCfg = Debug|Any CPU
		{B5E5BDDD-C171-45FE-8EA9-E0559493D699}.Debug|x86.Build.0 = Debug|Any CPU
		{B5E5BDDD-C171-45FE-8EA9-E0559493D699}.Release|Any CPU.ActiveCfg = Release|Any CPU
		{B5E5BDDD-C171-45FE-8EA9-E0559493D699}.Release|Any CPU.Build.0 = Release|Any CPU
		{B5E5BDDD-C171-45FE-8EA9-E0559493D699}.Release|x64.ActiveCfg = Release|Any CPU
		{B5E5BDDD-C171-45FE-8EA9-E0559493D699}.Release|x64.Build.0 = Release|Any CPU
		{B5E5BDDD-C171-45FE-8EA9-E0559493D699}.Release|x86.ActiveCfg = Release|Any CPU
		{B5E5BDDD-C171-45FE-8EA9-E0559493D699}.Release|x86.Build.0 = Release|Any CPU
	EndGlobalSection
	GlobalSection(SolutionProperties) = preSolution
		HideSolutionNode = FALSE
	EndGlobalSection
	GlobalSection(ExtensibilityGlobals) = postSolution
		SolutionGuid = {4C34CE4A-1C79-49D3-BF04-2DDDDAB064F6}
	EndGlobalSection
EndGlobal
